<?xml version="1.0" encoding="utf-8"?>
<Project ToolsVersion="4.0" xmlns="http://schemas.microsoft.com/developer/msbuild/2003">
  <ItemGroup>
    <Filter Include="Source Files">
      <UniqueIdentifier>{4FC737F1-C7A5-4376-A066-2A32D752A2FF}</UniqueIdentifier>
      <Extensions>cpp;c;cc;cxx;def;odl;idl;hpj;bat;asm;asmx</Extensions>
    </Filter>
    <Filter Include="Header Files">
      <UniqueIdentifier>{93995380-89BD-4b04-88EB-625FBE52EBFB}</UniqueIdentifier>
      <Extensions>h;hh;hpp;hxx;hm;inl;inc;ipp;xsd</Extensions>
    </Filter>
    <Filter Include="Resource Files">
      <UniqueIdentifier>{67DA6AB6-F800-4c08-8B7A-83BB121AAD01}</UniqueIdentifier>
      <Extensions>rc;ico;cur;bmp;dlg;rc2;rct;bin;rgs;gif;jpg;jpeg;jpe;resx;tiff;tif;png;wav;mfcribbon-ms</Extensions>
    </Filter>
    <Filter Include="Dependencies">
      <UniqueIdentifier>{d68b8e3f-3aeb-4554-95ad-4e400fa582c5}</UniqueIdentifier>
    </Filter>
    <Filter Include="Header Files\Engine Core">
      <UniqueIdentifier>{9910fc7b-f670-4932-b912-cce9c97c25ef}</UniqueIdentifier>
    </Filter>
    <Filter Include="Header Files\Engine Core\Rendering System">
      <UniqueIdentifier>{637b8c7d-d168-475c-ab88-9e4366d4c1a7}</UniqueIdentifier>
    </Filter>
    <Filter Include="Header Files\Engine Core\Input System">
      <UniqueIdentifier>{72599593-0d51-4965-a79e-bbe391b6eb1f}</UniqueIdentifier>
    </Filter>
    <Filter Include="Header Files\Engine Core\Input System\Interfaces">
      <UniqueIdentifier>{e48106c0-51f7-4822-9338-2e11ba667808}</UniqueIdentifier>
    </Filter>
    <Filter Include="Header Files\Engine Core\Input System\Input Definitions">
      <UniqueIdentifier>{0d511677-f97d-4271-99d8-606d305b8b95}</UniqueIdentifier>
    </Filter>
    <Filter Include="Header Files\Engine Core\Audio System">
      <UniqueIdentifier>{7951ca86-6394-4e3c-8a50-834d3694ed25}</UniqueIdentifier>
    </Filter>
    <Filter Include="Header Files\Gameplay Framework">
      <UniqueIdentifier>{c24a4aa2-2c1f-45b9-a780-ca6af7fe5207}</UniqueIdentifier>
    </Filter>
    <Filter Include="Header Files\Gameplay Framework\Messaging Systems">
      <UniqueIdentifier>{f738b3d8-ffd5-4077-8d24-cd722252e9e3}</UniqueIdentifier>
    </Filter>
    <Filter Include="Source Files\Engine Core">
      <UniqueIdentifier>{4810fcaa-e4e2-4835-9f69-40d80122ded6}</UniqueIdentifier>
    </Filter>
    <Filter Include="Source Files\Engine Core\Audio System">
      <UniqueIdentifier>{e93b257c-8b6d-4991-b18b-03ffc6e05158}</UniqueIdentifier>
    </Filter>
    <Filter Include="Source Files\Engine Core\Input System">
      <UniqueIdentifier>{1aa93e2b-c429-438f-9e01-99d1a600f11d}</UniqueIdentifier>
    </Filter>
    <Filter Include="Source Files\Engine Core\Input System\Interfaces">
      <UniqueIdentifier>{fe33d38c-87ff-4d25-8af3-b4a44e235abb}</UniqueIdentifier>
    </Filter>
    <Filter Include="Source Files\Engine Core\Input System\Input Definitions">
      <UniqueIdentifier>{0daf5dde-0cb6-445c-93ea-465cf09b930b}</UniqueIdentifier>
    </Filter>
    <Filter Include="Source Files\Engine Core\Rendering System">
      <UniqueIdentifier>{c5fbbfc7-8ac3-4225-9a69-fb651d029003}</UniqueIdentifier>
    </Filter>
    <Filter Include="Source Files\Gameplay Framework">
      <UniqueIdentifier>{a4ddcfa2-9504-4903-be1e-8367d36efbae}</UniqueIdentifier>
    </Filter>
    <Filter Include="Source Files\Gameplay Framework\Messaging Systems">
      <UniqueIdentifier>{dd3c0ba9-4d27-4dc2-a3b8-fcbddc56b554}</UniqueIdentifier>
    </Filter>
    <Filter Include="Header Files\Gameplay Framework\Entity System">
      <UniqueIdentifier>{9c56a83f-7801-4f31-acc5-47db73bf201d}</UniqueIdentifier>
    </Filter>
    <Filter Include="Source Files\Gameplay Framework\Entity System">
      <UniqueIdentifier>{d8078736-ae91-4294-887a-b657c793bd87}</UniqueIdentifier>
    </Filter>
    <Filter Include="Header Files\Engine Utilities">
      <UniqueIdentifier>{84aa6ca0-4105-4183-ae32-d96c63b44742}</UniqueIdentifier>
    </Filter>
    <Filter Include="Header Files\Engine Utilities\Resource Manager">
      <UniqueIdentifier>{35986ab3-e555-4f97-9041-4a3985bacc48}</UniqueIdentifier>
    </Filter>
    <Filter Include="Header Files\Engine Utilities\Configuration Manager">
      <UniqueIdentifier>{3916f485-6976-4a06-9e2c-d89e6f530762}</UniqueIdentifier>
    </Filter>
    <Filter Include="Header Files\Engine Utilities\ThreadPool">
      <UniqueIdentifier>{17acf3c0-45e7-43ba-bb38-b494261bbc0b}</UniqueIdentifier>
    </Filter>
    <Filter Include="Source Files\Engine Utilities">
      <UniqueIdentifier>{b2bf4e35-68e7-4827-a5dc-f9ddbaae10b2}</UniqueIdentifier>
    </Filter>
    <Filter Include="Source Files\Engine Utilities\Configuration Manager">
      <UniqueIdentifier>{b8550037-cd20-4d4b-a946-9bb1260f2f47}</UniqueIdentifier>
    </Filter>
    <Filter Include="Source Files\Engine Utilities\Resource Manager">
      <UniqueIdentifier>{a83170ae-6a1f-4569-90fc-e515ef664027}</UniqueIdentifier>
    </Filter>
    <Filter Include="Source Files\Engine Utilities\ThreadPool">
      <UniqueIdentifier>{79c2dd00-5d8e-41ac-90ad-bc6724ca6ff1}</UniqueIdentifier>
    </Filter>
    <Filter Include="Source Files\Gameplay Framework\Controllers">
      <UniqueIdentifier>{084256e0-f99d-450b-8dfd-bc35940830dd}</UniqueIdentifier>
    </Filter>
    <Filter Include="Header Files\Gameplay Framework\Controllers">
      <UniqueIdentifier>{9ae49d10-50d6-4924-9aad-d3801e6a81db}</UniqueIdentifier>
    </Filter>
    <Filter Include="Header Files\Gameplay Framework\Entity System\Entities">
      <UniqueIdentifier>{b1f42b01-f380-4c6a-9191-883ce45427ba}</UniqueIdentifier>
    </Filter>
    <Filter Include="Header Files\Gameplay Framework\Entity System\Components">
      <UniqueIdentifier>{f50cc68b-fc2b-40ec-af4d-3f11928f574a}</UniqueIdentifier>
    </Filter>
    <Filter Include="Source Files\Gameplay Framework\Entity System\Entities">
      <UniqueIdentifier>{e175334b-ff60-4aae-aba6-3f9d2e480dc8}</UniqueIdentifier>
    </Filter>
    <Filter Include="Source Files\Gameplay Framework\Entity System\Components">
      <UniqueIdentifier>{973bd7be-457f-4946-852d-5e3705d62e49}</UniqueIdentifier>
    </Filter>
    <Filter Include="Header Files\Engine Core\Rendering System\Resources">
      <UniqueIdentifier>{11f3bd42-1114-4d55-a144-55136128c725}</UniqueIdentifier>
    </Filter>
    <Filter Include="Source Files\Engine Core\Rendering System\Resources">
      <UniqueIdentifier>{483c1b9a-0a88-485c-a308-e944bc387a1a}</UniqueIdentifier>
    </Filter>
  </ItemGroup>
  <ItemGroup>
    <ClCompile Include="InputAxis.cpp">
      <Filter>Source Files\Engine Core\Input System\Input Definitions</Filter>
    </ClCompile>
    <ClCompile Include="GamepadInterface.cpp">
      <Filter>Source Files\Engine Core\Input System\Interfaces</Filter>
    </ClCompile>
    <ClCompile Include="InputInterfaceManager.cpp">
      <Filter>Source Files\Engine Core\Input System\Interfaces</Filter>
    </ClCompile>
    <ClCompile Include="KeyboardInterface.cpp">
      <Filter>Source Files\Engine Core\Input System\Interfaces</Filter>
    </ClCompile>
    <ClCompile Include="MouseInterface.cpp">
      <Filter>Source Files\Engine Core\Input System\Interfaces</Filter>
    </ClCompile>
    <ClCompile Include="Action.cpp">
      <Filter>Source Files\Engine Core\Input System</Filter>
    </ClCompile>
    <ClCompile Include="InputManager.cpp">
      <Filter>Source Files\Engine Core\Input System</Filter>
    </ClCompile>
    <ClCompile Include="Keybindings.cpp">
      <Filter>Source Files\Engine Core\Input System</Filter>
    </ClCompile>
    <ClCompile Include="EventTable.cpp">
      <Filter>Source Files\Gameplay Framework\Messaging Systems</Filter>
    </ClCompile>
    <ClCompile Include="Message.cpp">
      <Filter>Source Files\Gameplay Framework\Messaging Systems</Filter>
    </ClCompile>
    <ClCompile Include="MessageBus.cpp">
      <Filter>Source Files\Gameplay Framework\Messaging Systems</Filter>
    </ClCompile>
    <ClCompile Include="MessageBusNode.cpp">
      <Filter>Source Files\Gameplay Framework\Messaging Systems</Filter>
    </ClCompile>
    <ClCompile Include="..\Dependencies\GLAD\src\glad.c">
      <Filter>Dependencies</Filter>
    </ClCompile>
    <ClCompile Include="TimeUtils.cpp">
      <Filter>Source Files\Engine Utilities</Filter>
    </ClCompile>
    <ClCompile Include="AudioManager.cpp">
      <Filter>Source Files\Engine Core\Audio System</Filter>
    </ClCompile>
    <ClCompile Include="Configurable.cpp">
      <Filter>Source Files\Engine Utilities\Configuration Manager</Filter>
    </ClCompile>
    <ClCompile Include="Serializable.cpp">
      <Filter>Source Files\Engine Utilities</Filter>
    </ClCompile>
    <ClCompile Include="Renderer.cpp">
      <Filter>Source Files\Engine Core\Rendering System</Filter>
    </ClCompile>
    <ClCompile Include="Level.cpp">
      <Filter>Source Files\Gameplay Framework</Filter>
    </ClCompile>
    <ClCompile Include="ThreadPool.cpp">
      <Filter>Source Files\Engine Utilities\ThreadPool</Filter>
    </ClCompile>
    <ClCompile Include="ThreadPoolWorker.cpp">
      <Filter>Source Files\Engine Utilities\ThreadPool</Filter>
    </ClCompile>
    <ClCompile Include="ResourceManager.cpp">
      <Filter>Source Files\Engine Utilities\Resource Manager</Filter>
    </ClCompile>
    <ClCompile Include="Resource.cpp">
      <Filter>Source Files\Engine Utilities\Resource Manager</Filter>
    </ClCompile>
    <ClCompile Include="Configuration.cpp">
      <Filter>Source Files\Engine Utilities\Configuration Manager</Filter>
    </ClCompile>
    <ClCompile Include="Game.cpp">
      <Filter>Source Files\Engine Core</Filter>
    </ClCompile>
    <ClCompile Include="Console.cpp">
      <Filter>Source Files\Gameplay Framework</Filter>
    </ClCompile>
    <ClCompile Include="PlayerController.cpp">
      <Filter>Source Files\Gameplay Framework\Controllers</Filter>
    </ClCompile>
    <ClCompile Include="WindowManager.cpp">
      <Filter>Source Files\Engine Core</Filter>
    </ClCompile>
    <ClCompile Include="Entity.cpp">
      <Filter>Source Files\Gameplay Framework\Entity System\Entities</Filter>
    </ClCompile>
    <ClCompile Include="PlayerEntity.cpp">
      <Filter>Source Files\Gameplay Framework\Entity System\Entities</Filter>
    </ClCompile>
    <ClCompile Include="GraphicsComponent.cpp">
      <Filter>Source Files\Gameplay Framework\Entity System\Components</Filter>
    </ClCompile>
    <ClCompile Include="ShaderProgram.cpp">
      <Filter>Source Files\Engine Core\Rendering System</Filter>
    </ClCompile>
    <ClCompile Include="ResourceHandle.cpp">
      <Filter>Source Files\Engine Utilities\Resource Manager</Filter>
    </ClCompile>
    <ClCompile Include="EntityFactory.cpp">
      <Filter>Source Files\Gameplay Framework\Entity System</Filter>
    </ClCompile>
    <ClCompile Include="Texture.cpp">
      <Filter>Source Files</Filter>
    </ClCompile>
    <ClCompile Include="Shader.cpp">
      <Filter>Source Files\Engine Core\Rendering System\Resources</Filter>
    </ClCompile>
  </ItemGroup>
  <ItemGroup>
    <ClInclude Include="GamepadInput.h">
      <Filter>Header Files\Engine Core\Input System\Input Definitions</Filter>
    </ClInclude>
    <ClInclude Include="InputAxis.h">
      <Filter>Header Files\Engine Core\Input System\Input Definitions</Filter>
    </ClInclude>
    <ClInclude Include="KeyboardInput.h">
      <Filter>Header Files\Engine Core\Input System\Input Definitions</Filter>
    </ClInclude>
    <ClInclude Include="MouseInput.h">
      <Filter>Header Files\Engine Core\Input System\Input Definitions</Filter>
    </ClInclude>
    <ClInclude Include="GamepadInterface.h">
      <Filter>Header Files\Engine Core\Input System\Interfaces</Filter>
    </ClInclude>
    <ClInclude Include="InputInterfaceManager.h">
      <Filter>Header Files\Engine Core\Input System\Interfaces</Filter>
    </ClInclude>
    <ClInclude Include="KeyboardInterface.h">
      <Filter>Header Files\Engine Core\Input System\Interfaces</Filter>
    </ClInclude>
    <ClInclude Include="MouseInterface.h">
      <Filter>Header Files\Engine Core\Input System\Interfaces</Filter>
    </ClInclude>
    <ClInclude Include="Action.h">
      <Filter>Header Files\Engine Core\Input System</Filter>
    </ClInclude>
    <ClInclude Include="InputManager.h">
      <Filter>Header Files\Engine Core\Input System</Filter>
    </ClInclude>
    <ClInclude Include="Keybindings.h">
      <Filter>Header Files\Engine Core\Input System</Filter>
    </ClInclude>
    <ClInclude Include="EventTable.h">
      <Filter>Header Files\Gameplay Framework\Messaging Systems</Filter>
    </ClInclude>
    <ClInclude Include="Message.h">
      <Filter>Header Files\Gameplay Framework\Messaging Systems</Filter>
    </ClInclude>
    <ClInclude Include="MessageBus.h">
      <Filter>Header Files\Gameplay Framework\Messaging Systems</Filter>
    </ClInclude>
    <ClInclude Include="MessageBusNode.h">
      <Filter>Header Files\Gameplay Framework\Messaging Systems</Filter>
    </ClInclude>
    <ClInclude Include="EngineUtilities.h">
      <Filter>Header Files\Engine Utilities</Filter>
    </ClInclude>
    <ClInclude Include="TimeUtils.h">
      <Filter>Header Files\Engine Utilities</Filter>
    </ClInclude>
    <ClInclude Include="AudioManager.h">
      <Filter>Header Files\Engine Core\Audio System</Filter>
    </ClInclude>
    <ClInclude Include="Configurable.h">
      <Filter>Header Files\Engine Utilities\Configuration Manager</Filter>
    </ClInclude>
    <ClInclude Include="Serializable.h">
      <Filter>Header Files\Engine Utilities</Filter>
    </ClInclude>
    <ClInclude Include="Renderer.h">
      <Filter>Header Files\Engine Core\Rendering System</Filter>
    </ClInclude>
    <ClInclude Include="Level.h">
      <Filter>Header Files\Gameplay Framework</Filter>
    </ClInclude>
    <ClInclude Include="ThreadPool.h">
      <Filter>Header Files\Engine Utilities\ThreadPool</Filter>
    </ClInclude>
    <ClInclude Include="ThreadSafeQueue.h">
      <Filter>Header Files\Engine Utilities\ThreadPool</Filter>
    </ClInclude>
    <ClInclude Include="ThreadPoolWorker.h">
      <Filter>Header Files\Engine Utilities\ThreadPool</Filter>
    </ClInclude>
    <ClInclude Include="ResourceManager.h">
      <Filter>Header Files\Engine Utilities\Resource Manager</Filter>
    </ClInclude>
    <ClInclude Include="Resource.h">
      <Filter>Header Files\Engine Utilities\Resource Manager</Filter>
    </ClInclude>
    <ClInclude Include="ResourceHandle.h">
      <Filter>Header Files\Engine Utilities\Resource Manager</Filter>
    </ClInclude>
    <ClInclude Include="Configuration.h">
      <Filter>Header Files\Engine Utilities\Configuration Manager</Filter>
    </ClInclude>
    <ClInclude Include="Game.h">
      <Filter>Header Files\Engine Core</Filter>
    </ClInclude>
    <ClInclude Include="Console.h">
      <Filter>Header Files\Gameplay Framework</Filter>
    </ClInclude>
    <ClInclude Include="Name.h">
      <Filter>Header Files\Engine Utilities</Filter>
    </ClInclude>
    <ClInclude Include="PlayerController.h">
      <Filter>Header Files\Gameplay Framework\Controllers</Filter>
    </ClInclude>
    <ClInclude Include="InputInterface.h">
      <Filter>Header Files\Engine Core\Input System\Interfaces</Filter>
    </ClInclude>
    <ClInclude Include="Input.h">
      <Filter>Header Files\Engine Core\Input System\Input Definitions</Filter>
    </ClInclude>
    <ClInclude Include="WindowManager.h">
      <Filter>Header Files\Engine Core</Filter>
    </ClInclude>
    <ClInclude Include="Entity.h">
      <Filter>Header Files\Gameplay Framework\Entity System\Entities</Filter>
    </ClInclude>
    <ClInclude Include="PlayerEntity.h">
      <Filter>Header Files\Gameplay Framework\Entity System\Entities</Filter>
    </ClInclude>
    <ClInclude Include="GraphicsComponent.h">
      <Filter>Header Files\Gameplay Framework\Entity System\Components</Filter>
    </ClInclude>
    <ClInclude Include="ShaderProgram.h">
      <Filter>Header Files\Engine Core\Rendering System</Filter>
    </ClInclude>
    <ClInclude Include="EntityFactory.h">
      <Filter>Header Files\Gameplay Framework\Entity System</Filter>
    </ClInclude>
    <ClInclude Include="Texture.h">
      <Filter>Header Files</Filter>
    </ClInclude>
    <ClInclude Include="Shader.h">
      <Filter>Header Files\Engine Core\Rendering System\Resources</Filter>
    </ClInclude>
  </ItemGroup>
</Project>