<?xml version="1.0" encoding="utf-8"?>
<Project ToolsVersion="4.0" xmlns="http://schemas.microsoft.com/developer/msbuild/2003">
  <ItemGroup>
    <Filter Include="Source Files">
      <UniqueIdentifier>{4FC737F1-C7A5-4376-A066-2A32D752A2FF}</UniqueIdentifier>
      <Extensions>cpp;c;cc;cxx;def;odl;idl;hpj;bat;asm;asmx</Extensions>
    </Filter>
    <Filter Include="Header Files">
      <UniqueIdentifier>{93995380-89BD-4b04-88EB-625FBE52EBFB}</UniqueIdentifier>
      <Extensions>h;hh;hpp;hxx;hm;inl;inc;ipp;xsd</Extensions>
    </Filter>
    <Filter Include="Resource Files">
      <UniqueIdentifier>{67DA6AB6-F800-4c08-8B7A-83BB121AAD01}</UniqueIdentifier>
      <Extensions>rc;ico;cur;bmp;dlg;rc2;rct;bin;rgs;gif;jpg;jpeg;jpe;resx;tiff;tif;png;wav;mfcribbon-ms</Extensions>
    </Filter>
    <Filter Include="Dependencies">
      <UniqueIdentifier>{d68b8e3f-3aeb-4554-95ad-4e400fa582c5}</UniqueIdentifier>
    </Filter>
    <Filter Include="Source Files\Input System">
      <UniqueIdentifier>{1aa93e2b-c429-438f-9e01-99d1a600f11d}</UniqueIdentifier>
    </Filter>
    <Filter Include="Header Files\Input System">
      <UniqueIdentifier>{72599593-0d51-4965-a79e-bbe391b6eb1f}</UniqueIdentifier>
    </Filter>
    <Filter Include="Header Files\Messaging Systems">
      <UniqueIdentifier>{f738b3d8-ffd5-4077-8d24-cd722252e9e3}</UniqueIdentifier>
    </Filter>
    <Filter Include="Source Files\Messaging Systems">
      <UniqueIdentifier>{dd3c0ba9-4d27-4dc2-a3b8-fcbddc56b554}</UniqueIdentifier>
    </Filter>
    <Filter Include="Header Files\Input System\Interfaces">
      <UniqueIdentifier>{e48106c0-51f7-4822-9338-2e11ba667808}</UniqueIdentifier>
    </Filter>
    <Filter Include="Header Files\Input System\Input Definitions">
      <UniqueIdentifier>{0d511677-f97d-4271-99d8-606d305b8b95}</UniqueIdentifier>
    </Filter>
    <Filter Include="Source Files\Input System\Interfaces">
      <UniqueIdentifier>{fe33d38c-87ff-4d25-8af3-b4a44e235abb}</UniqueIdentifier>
    </Filter>
    <Filter Include="Source Files\Input System\Input Definitions">
      <UniqueIdentifier>{0daf5dde-0cb6-445c-93ea-465cf09b930b}</UniqueIdentifier>
    </Filter>
  </ItemGroup>
  <ItemGroup>
    <ClCompile Include="GamepadInput.cpp">
      <Filter>Source Files\Input System\Input Definitions</Filter>
    </ClCompile>
    <ClCompile Include="GenericInput.cpp">
      <Filter>Source Files\Input System\Input Definitions</Filter>
    </ClCompile>
    <ClCompile Include="InputAxis.cpp">
      <Filter>Source Files\Input System\Input Definitions</Filter>
    </ClCompile>
    <ClCompile Include="KeyboardInput.cpp">
      <Filter>Source Files\Input System\Input Definitions</Filter>
    </ClCompile>
    <ClCompile Include="MouseInput.cpp">
      <Filter>Source Files\Input System\Input Definitions</Filter>
    </ClCompile>
    <ClCompile Include="GamepadInterface.cpp">
      <Filter>Source Files\Input System\Interfaces</Filter>
    </ClCompile>
    <ClCompile Include="GenericInputInterface.cpp">
      <Filter>Source Files\Input System\Interfaces</Filter>
    </ClCompile>
    <ClCompile Include="InputInterfaceManager.cpp">
      <Filter>Source Files\Input System\Interfaces</Filter>
    </ClCompile>
    <ClCompile Include="KeyboardInterface.cpp">
      <Filter>Source Files\Input System\Interfaces</Filter>
    </ClCompile>
    <ClCompile Include="MouseInterface.cpp">
      <Filter>Source Files\Input System\Interfaces</Filter>
    </ClCompile>
    <ClCompile Include="Action.cpp">
      <Filter>Source Files\Input System</Filter>
    </ClCompile>
    <ClCompile Include="InputManager.cpp">
      <Filter>Source Files\Input System</Filter>
    </ClCompile>
    <ClCompile Include="Keybindings.cpp">
      <Filter>Source Files\Input System</Filter>
    </ClCompile>
    <ClCompile Include="EventTable.cpp">
      <Filter>Source Files\Messaging Systems</Filter>
    </ClCompile>
    <ClCompile Include="Message.cpp">
      <Filter>Source Files\Messaging Systems</Filter>
    </ClCompile>
    <ClCompile Include="MessageBus.cpp">
      <Filter>Source Files\Messaging Systems</Filter>
    </ClCompile>
    <ClCompile Include="MessageBusNode.cpp">
      <Filter>Source Files\Messaging Systems</Filter>
    </ClCompile>
    <ClCompile Include="AudioManager.cpp">
      <Filter>Source Files</Filter>
    </ClCompile>
    <ClCompile Include="Console.cpp">
      <Filter>Source Files</Filter>
    </ClCompile>
    <ClCompile Include="Game.cpp">
      <Filter>Source Files</Filter>
    </ClCompile>
    <ClCompile Include="Level.cpp">
      <Filter>Source Files</Filter>
    </ClCompile>
    <ClCompile Include="Renderer.cpp">
      <Filter>Source Files</Filter>
    </ClCompile>
    <ClCompile Include="Serializable.cpp">
      <Filter>Source Files</Filter>
    </ClCompile>
    <ClCompile Include="WindowManager.cpp">
      <Filter>Source Files</Filter>
    </ClCompile>
    <ClCompile Include="World.cpp">
      <Filter>Source Files</Filter>
    </ClCompile>
    <ClCompile Include="..\Dependencies\GLAD\src\glad.c">
      <Filter>Dependencies</Filter>
    </ClCompile>
  </ItemGroup>
  <ItemGroup>
    <ClInclude Include="GamepadInput.h">
      <Filter>Header Files\Input System\Input Definitions</Filter>
    </ClInclude>
    <ClInclude Include="GenericInput.h">
      <Filter>Header Files\Input System\Input Definitions</Filter>
    </ClInclude>
    <ClInclude Include="InputAxis.h">
      <Filter>Header Files\Input System\Input Definitions</Filter>
    </ClInclude>
    <ClInclude Include="KeyboardInput.h">
      <Filter>Header Files\Input System\Input Definitions</Filter>
    </ClInclude>
    <ClInclude Include="MouseInput.h">
      <Filter>Header Files\Input System\Input Definitions</Filter>
    </ClInclude>
    <ClInclude Include="GamepadInterface.h">
      <Filter>Header Files\Input System\Interfaces</Filter>
    </ClInclude>
    <ClInclude Include="GenericInputInterface.h">
      <Filter>Header Files\Input System\Interfaces</Filter>
    </ClInclude>
    <ClInclude Include="InputInterfaceManager.h">
      <Filter>Header Files\Input System\Interfaces</Filter>
    </ClInclude>
    <ClInclude Include="KeyboardInterface.h">
      <Filter>Header Files\Input System\Interfaces</Filter>
    </ClInclude>
    <ClInclude Include="MouseInterface.h">
      <Filter>Header Files\Input System\Interfaces</Filter>
    </ClInclude>
    <ClInclude Include="Action.h">
      <Filter>Header Files\Input System</Filter>
    </ClInclude>
    <ClInclude Include="InputManager.h">
      <Filter>Header Files\Input System</Filter>
    </ClInclude>
    <ClInclude Include="Keybindings.h">
      <Filter>Header Files\Input System</Filter>
    </ClInclude>
    <ClInclude Include="EventTable.h">
      <Filter>Header Files\Messaging Systems</Filter>
    </ClInclude>
    <ClInclude Include="Message.h">
      <Filter>Header Files\Messaging Systems</Filter>
    </ClInclude>
    <ClInclude Include="MessageBus.h">
      <Filter>Header Files\Messaging Systems</Filter>
    </ClInclude>
    <ClInclude Include="MessageBusNode.h">
      <Filter>Header Files\Messaging Systems</Filter>
    </ClInclude>
    <ClInclude Include="AudioManager.h">
      <Filter>Header Files</Filter>
    </ClInclude>
    <ClInclude Include="Console.h">
      <Filter>Header Files</Filter>
    </ClInclude>
    <ClInclude Include="EngineUtilities.h">
      <Filter>Header Files</Filter>
    </ClInclude>
    <ClInclude Include="Game.h">
      <Filter>Header Files</Filter>
    </ClInclude>
    <ClInclude Include="Level.h">
      <Filter>Header Files</Filter>
    </ClInclude>
    <ClInclude Include="Renderer.h">
      <Filter>Header Files</Filter>
    </ClInclude>
    <ClInclude Include="Serializable.h">
      <Filter>Header Files</Filter>
    </ClInclude>
    <ClInclude Include="WindowManager.h">
      <Filter>Header Files</Filter>
    </ClInclude>
    <ClInclude Include="World.h">
      <Filter>Header Files</Filter>
    </ClInclude>
  </ItemGroup>
</Project>