<?xml version="1.0" encoding="utf-8"?>
<Project ToolsVersion="4.0" xmlns="http://schemas.microsoft.com/developer/msbuild/2003">
  <ItemGroup>
    <Filter Include="Source Files">
      <UniqueIdentifier>{4FC737F1-C7A5-4376-A066-2A32D752A2FF}</UniqueIdentifier>
      <Extensions>cpp;c;cc;cxx;def;odl;idl;hpj;bat;asm;asmx</Extensions>
    </Filter>
    <Filter Include="Header Files">
      <UniqueIdentifier>{93995380-89BD-4b04-88EB-625FBE52EBFB}</UniqueIdentifier>
      <Extensions>h;hh;hpp;hxx;hm;inl;inc;ipp;xsd</Extensions>
    </Filter>
    <Filter Include="Resource Files">
      <UniqueIdentifier>{67DA6AB6-F800-4c08-8B7A-83BB121AAD01}</UniqueIdentifier>
      <Extensions>rc;ico;cur;bmp;dlg;rc2;rct;bin;rgs;gif;jpg;jpeg;jpe;resx;tiff;tif;png;wav;mfcribbon-ms</Extensions>
    </Filter>
  </ItemGroup>
  <ItemGroup>
    <ClInclude Include="TestingUtilities.h">
      <Filter>Header Files</Filter>
    </ClInclude>
  </ItemGroup>
  <ItemGroup>
    <ClCompile Include="TestConfigurationResource.cpp">
      <Filter>Source Files</Filter>
    </ClCompile>
    <ClCompile Include="TestResourceManager.cpp">
      <Filter>Source Files</Filter>
    </ClCompile>
    <ClCompile Include="TestConfigurable.cpp">
      <Filter>Source Files</Filter>
    </ClCompile>
    <ClCompile Include="TestName.cpp">
      <Filter>Source Files</Filter>
    </ClCompile>
    <ClCompile Include="TestWindowManager.cpp">
      <Filter>Source Files</Filter>
    </ClCompile>
    <ClCompile Include="TestThreadPool.cpp">
      <Filter>Source Files</Filter>
    </ClCompile>
    <ClCompile Include="TestInputManager.cpp">
      <Filter>Source Files</Filter>
    </ClCompile>
    <ClCompile Include="TestInputDefinitions.cpp">
      <Filter>Source Files</Filter>
    </ClCompile>
    <ClCompile Include="TestEngineUtilities.cpp">
      <Filter>Source Files</Filter>
    </ClCompile>
    <ClCompile Include="..\SuperVoid\BouncingCube.cpp">
      <Filter>Resource Files</Filter>
    </ClCompile>
    <ClCompile Include="..\SuperVoid\CubeEntity.cpp">
      <Filter>Resource Files</Filter>
    </ClCompile>
    <ClCompile Include="..\SuperVoid\PlayerShip.cpp">
      <Filter>Resource Files</Filter>
    </ClCompile>
    <ClCompile Include="TestEventBus.cpp">
      <Filter>Source Files</Filter>
    </ClCompile>
    <ClCompile Include="TestActionBindings.cpp">
      <Filter>Source Files</Filter>
    </ClCompile>
    <ClCompile Include="TestFactories.cpp">
      <Filter>Source Files</Filter>
    </ClCompile>
    <ClCompile Include="TestQuaternions.cpp">
      <Filter>Source Files</Filter>
    </ClCompile>
    <ClCompile Include="TestRotators.cpp">
      <Filter>Source Files</Filter>
    </ClCompile>
    <ClCompile Include="TestCollisions.cpp">
      <Filter>Source Files</Filter>
    </ClCompile>
  </ItemGroup>
</Project>